// !$*UTF8*$!
{
	archiveVersion = 1;
	classes = {
	};
	objectVersion = 48;
	objects = {

/* Begin PBXBuildFile section */
		4C0243661FBF210F00AB54AD /* Icon-172.png in Resources */ = {isa = PBXBuildFile; fileRef = 4C0243481FBF210D00AB54AD /* Icon-172.png */; };
		4C0243671FBF210F00AB54AD /* Icon-88.png in Resources */ = {isa = PBXBuildFile; fileRef = 4C0243491FBF210D00AB54AD /* Icon-88.png */; };
		4C0243681FBF210F00AB54AD /* Icon-72.png in Resources */ = {isa = PBXBuildFile; fileRef = 4C02434A1FBF210E00AB54AD /* Icon-72.png */; };
		4C0243691FBF210F00AB54AD /* Icon-512.png in Resources */ = {isa = PBXBuildFile; fileRef = 4C02434B1FBF210E00AB54AD /* Icon-512.png */; };
		4C02436A1FBF210F00AB54AD /* Icon-16.png in Resources */ = {isa = PBXBuildFile; fileRef = 4C02434C1FBF210E00AB54AD /* Icon-16.png */; };
		4C02436B1FBF210F00AB54AD /* Icon-32.png in Resources */ = {isa = PBXBuildFile; fileRef = 4C02434D1FBF210E00AB54AD /* Icon-32.png */; };
		4C02436C1FBF210F00AB54AD /* Icon-100.png in Resources */ = {isa = PBXBuildFile; fileRef = 4C02434E1FBF210E00AB54AD /* Icon-100.png */; };
		4C02436D1FBF210F00AB54AD /* Icon-58.png in Resources */ = {isa = PBXBuildFile; fileRef = 4C02434F1FBF210E00AB54AD /* Icon-58.png */; };
		4C02436E1FBF210F00AB54AD /* Icon-128.png in Resources */ = {isa = PBXBuildFile; fileRef = 4C0243501FBF210E00AB54AD /* Icon-128.png */; };
		4C02436F1FBF210F00AB54AD /* Icon-57.png in Resources */ = {isa = PBXBuildFile; fileRef = 4C0243511FBF210E00AB54AD /* Icon-57.png */; };
		4C0243701FBF210F00AB54AD /* Icon-1024.png in Resources */ = {isa = PBXBuildFile; fileRef = 4C0243521FBF210E00AB54AD /* Icon-1024.png */; };
		4C0243711FBF210F00AB54AD /* Icon-48.png in Resources */ = {isa = PBXBuildFile; fileRef = 4C0243531FBF210E00AB54AD /* Icon-48.png */; };
		4C0243721FBF210F00AB54AD /* Icon-152.png in Resources */ = {isa = PBXBuildFile; fileRef = 4C0243541FBF210E00AB54AD /* Icon-152.png */; };
		4C0243731FBF210F00AB54AD /* Icon-40.png in Resources */ = {isa = PBXBuildFile; fileRef = 4C0243551FBF210E00AB54AD /* Icon-40.png */; };
		4C0243741FBF210F00AB54AD /* Icon-196.png in Resources */ = {isa = PBXBuildFile; fileRef = 4C0243561FBF210E00AB54AD /* Icon-196.png */; };
		4C0243751FBF210F00AB54AD /* Icon-76.png in Resources */ = {isa = PBXBuildFile; fileRef = 4C0243571FBF210E00AB54AD /* Icon-76.png */; };
		4C0243761FBF210F00AB54AD /* Icon-120.png in Resources */ = {isa = PBXBuildFile; fileRef = 4C0243581FBF210E00AB54AD /* Icon-120.png */; };
		4C0243771FBF210F00AB54AD /* Icon-180.png in Resources */ = {isa = PBXBuildFile; fileRef = 4C0243591FBF210E00AB54AD /* Icon-180.png */; };
		4C0243781FBF210F00AB54AD /* Icon-144.png in Resources */ = {isa = PBXBuildFile; fileRef = 4C02435A1FBF210E00AB54AD /* Icon-144.png */; };
		4C0243791FBF210F00AB54AD /* Icon-256.png in Resources */ = {isa = PBXBuildFile; fileRef = 4C02435B1FBF210E00AB54AD /* Icon-256.png */; };
		4C02437A1FBF210F00AB54AD /* Icon-55.png in Resources */ = {isa = PBXBuildFile; fileRef = 4C02435C1FBF210E00AB54AD /* Icon-55.png */; };
		4C02437B1FBF210F00AB54AD /* Icon-60.png in Resources */ = {isa = PBXBuildFile; fileRef = 4C02435D1FBF210E00AB54AD /* Icon-60.png */; };
		4C02437C1FBF210F00AB54AD /* Icon-114.png in Resources */ = {isa = PBXBuildFile; fileRef = 4C02435E1FBF210E00AB54AD /* Icon-114.png */; };
		4C02437D1FBF210F00AB54AD /* Icon-50.png in Resources */ = {isa = PBXBuildFile; fileRef = 4C02435F1FBF210E00AB54AD /* Icon-50.png */; };
		4C02437E1FBF210F00AB54AD /* Icon-87.png in Resources */ = {isa = PBXBuildFile; fileRef = 4C0243601FBF210E00AB54AD /* Icon-87.png */; };
		4C02437F1FBF210F00AB54AD /* Icon-80.png in Resources */ = {isa = PBXBuildFile; fileRef = 4C0243611FBF210E00AB54AD /* Icon-80.png */; };
		4C0243801FBF210F00AB54AD /* Icon-20.png in Resources */ = {isa = PBXBuildFile; fileRef = 4C0243621FBF210F00AB54AD /* Icon-20.png */; };
		4C0243811FBF210F00AB54AD /* Icon-167.png in Resources */ = {isa = PBXBuildFile; fileRef = 4C0243631FBF210F00AB54AD /* Icon-167.png */; };
		4C0243821FBF210F00AB54AD /* Icon-64.png in Resources */ = {isa = PBXBuildFile; fileRef = 4C0243641FBF210F00AB54AD /* Icon-64.png */; };
		4C0243831FBF210F00AB54AD /* Icon-29.png in Resources */ = {isa = PBXBuildFile; fileRef = 4C0243651FBF210F00AB54AD /* Icon-29.png */; };
		4C70561E1FBBBCBF0084485F /* AppDelegate.swift in Sources */ = {isa = PBXBuildFile; fileRef = 4C70561D1FBBBCBF0084485F /* AppDelegate.swift */; };
		4C7056201FBBBCBF0084485F /* ViewController.swift in Sources */ = {isa = PBXBuildFile; fileRef = 4C70561F1FBBBCBF0084485F /* ViewController.swift */; };
		4C7056231FBBBCBF0084485F /* Main.storyboard in Resources */ = {isa = PBXBuildFile; fileRef = 4C7056211FBBBCBF0084485F /* Main.storyboard */; };
		4C7056261FBBBCBF0084485F /* Dictionaire.xcdatamodeld in Sources */ = {isa = PBXBuildFile; fileRef = 4C7056241FBBBCBF0084485F /* Dictionaire.xcdatamodeld */; };
		4C7056281FBBBCBF0084485F /* Assets.xcassets in Resources */ = {isa = PBXBuildFile; fileRef = 4C7056271FBBBCBF0084485F /* Assets.xcassets */; };
		4C70562B1FBBBCBF0084485F /* LaunchScreen.storyboard in Resources */ = {isa = PBXBuildFile; fileRef = 4C7056291FBBBCBF0084485F /* LaunchScreen.storyboard */; };
		4C7056331FBBBD350084485F /* TableController.swift in Sources */ = {isa = PBXBuildFile; fileRef = 4C7056321FBBBD350084485F /* TableController.swift */; };
		4C70563C1FBBD1890084485F /* landscreen.png in Resources */ = {isa = PBXBuildFile; fileRef = 4C7056371FBBD1890084485F /* landscreen.png */; };
		4C70563D1FBBD1890084485F /* btnAjouter.png in Resources */ = {isa = PBXBuildFile; fileRef = 4C7056381FBBD1890084485F /* btnAjouter.png */; };
		4C70563E1FBBD1890084485F /* ajouterUnMot.png in Resources */ = {isa = PBXBuildFile; fileRef = 4C7056391FBBD1890084485F /* ajouterUnMot.png */; };
		4C70563F1FBBD1890084485F /* traduction.png in Resources */ = {isa = PBXBuildFile; fileRef = 4C70563A1FBBD1890084485F /* traduction.png */; };
		4C7056401FBBD1890084485F /* pag2.png in Resources */ = {isa = PBXBuildFile; fileRef = 4C70563B1FBBD1890084485F /* pag2.png */; };
		4C7056421FBBD3730084485F /* log.png in Resources */ = {isa = PBXBuildFile; fileRef = 4C7056411FBBD3730084485F /* log.png */; };
		4CB59EDB1FBE83CD00DF5200 /* titre.png in Resources */ = {isa = PBXBuildFile; fileRef = 4CB59ED91FBE83CD00DF5200 /* titre.png */; };
		4CB59EDC1FBE83CD00DF5200 /* pag.png in Resources */ = {isa = PBXBuildFile; fileRef = 4CB59EDA1FBE83CD00DF5200 /* pag.png */; };
		4CB7509A1FBF33670025610E /* MotPossibles.png in Resources */ = {isa = PBXBuildFile; fileRef = 4CB750991FBF33670025610E /* MotPossibles.png */; };
/* End PBXBuildFile section */

/* Begin PBXFileReference section */
		4C0243481FBF210D00AB54AD /* Icon-172.png */ = {isa = PBXFileReference; lastKnownFileType = image.png; path = "Icon-172.png"; sourceTree = "<group>"; };
		4C0243491FBF210D00AB54AD /* Icon-88.png */ = {isa = PBXFileReference; lastKnownFileType = image.png; path = "Icon-88.png"; sourceTree = "<group>"; };
		4C02434A1FBF210E00AB54AD /* Icon-72.png */ = {isa = PBXFileReference; lastKnownFileType = image.png; path = "Icon-72.png"; sourceTree = "<group>"; };
		4C02434B1FBF210E00AB54AD /* Icon-512.png */ = {isa = PBXFileReference; lastKnownFileType = image.png; path = "Icon-512.png"; sourceTree = "<group>"; };
		4C02434C1FBF210E00AB54AD /* Icon-16.png */ = {isa = PBXFileReference; lastKnownFileType = image.png; path = "Icon-16.png"; sourceTree = "<group>"; };
		4C02434D1FBF210E00AB54AD /* Icon-32.png */ = {isa = PBXFileReference; lastKnownFileType = image.png; path = "Icon-32.png"; sourceTree = "<group>"; };
		4C02434E1FBF210E00AB54AD /* Icon-100.png */ = {isa = PBXFileReference; lastKnownFileType = image.png; path = "Icon-100.png"; sourceTree = "<group>"; };
		4C02434F1FBF210E00AB54AD /* Icon-58.png */ = {isa = PBXFileReference; lastKnownFileType = image.png; path = "Icon-58.png"; sourceTree = "<group>"; };
		4C0243501FBF210E00AB54AD /* Icon-128.png */ = {isa = PBXFileReference; lastKnownFileType = image.png; path = "Icon-128.png"; sourceTree = "<group>"; };
		4C0243511FBF210E00AB54AD /* Icon-57.png */ = {isa = PBXFileReference; lastKnownFileType = image.png; path = "Icon-57.png"; sourceTree = "<group>"; };
		4C0243521FBF210E00AB54AD /* Icon-1024.png */ = {isa = PBXFileReference; lastKnownFileType = image.png; path = "Icon-1024.png"; sourceTree = "<group>"; };
		4C0243531FBF210E00AB54AD /* Icon-48.png */ = {isa = PBXFileReference; lastKnownFileType = image.png; path = "Icon-48.png"; sourceTree = "<group>"; };
		4C0243541FBF210E00AB54AD /* Icon-152.png */ = {isa = PBXFileReference; lastKnownFileType = image.png; path = "Icon-152.png"; sourceTree = "<group>"; };
		4C0243551FBF210E00AB54AD /* Icon-40.png */ = {isa = PBXFileReference; lastKnownFileType = image.png; path = "Icon-40.png"; sourceTree = "<group>"; };
		4C0243561FBF210E00AB54AD /* Icon-196.png */ = {isa = PBXFileReference; lastKnownFileType = image.png; path = "Icon-196.png"; sourceTree = "<group>"; };
		4C0243571FBF210E00AB54AD /* Icon-76.png */ = {isa = PBXFileReference; lastKnownFileType = image.png; path = "Icon-76.png"; sourceTree = "<group>"; };
		4C0243581FBF210E00AB54AD /* Icon-120.png */ = {isa = PBXFileReference; lastKnownFileType = image.png; path = "Icon-120.png"; sourceTree = "<group>"; };
		4C0243591FBF210E00AB54AD /* Icon-180.png */ = {isa = PBXFileReference; lastKnownFileType = image.png; path = "Icon-180.png"; sourceTree = "<group>"; };
		4C02435A1FBF210E00AB54AD /* Icon-144.png */ = {isa = PBXFileReference; lastKnownFileType = image.png; path = "Icon-144.png"; sourceTree = "<group>"; };
		4C02435B1FBF210E00AB54AD /* Icon-256.png */ = {isa = PBXFileReference; lastKnownFileType = image.png; path = "Icon-256.png"; sourceTree = "<group>"; };
		4C02435C1FBF210E00AB54AD /* Icon-55.png */ = {isa = PBXFileReference; lastKnownFileType = image.png; path = "Icon-55.png"; sourceTree = "<group>"; };
		4C02435D1FBF210E00AB54AD /* Icon-60.png */ = {isa = PBXFileReference; lastKnownFileType = image.png; path = "Icon-60.png"; sourceTree = "<group>"; };
		4C02435E1FBF210E00AB54AD /* Icon-114.png */ = {isa = PBXFileReference; lastKnownFileType = image.png; path = "Icon-114.png"; sourceTree = "<group>"; };
		4C02435F1FBF210E00AB54AD /* Icon-50.png */ = {isa = PBXFileReference; lastKnownFileType = image.png; path = "Icon-50.png"; sourceTree = "<group>"; };
		4C0243601FBF210E00AB54AD /* Icon-87.png */ = {isa = PBXFileReference; lastKnownFileType = image.png; path = "Icon-87.png"; sourceTree = "<group>"; };
		4C0243611FBF210E00AB54AD /* Icon-80.png */ = {isa = PBXFileReference; lastKnownFileType = image.png; path = "Icon-80.png"; sourceTree = "<group>"; };
		4C0243621FBF210F00AB54AD /* Icon-20.png */ = {isa = PBXFileReference; lastKnownFileType = image.png; path = "Icon-20.png"; sourceTree = "<group>"; };
		4C0243631FBF210F00AB54AD /* Icon-167.png */ = {isa = PBXFileReference; lastKnownFileType = image.png; path = "Icon-167.png"; sourceTree = "<group>"; };
		4C0243641FBF210F00AB54AD /* Icon-64.png */ = {isa = PBXFileReference; lastKnownFileType = image.png; path = "Icon-64.png"; sourceTree = "<group>"; };
		4C0243651FBF210F00AB54AD /* Icon-29.png */ = {isa = PBXFileReference; lastKnownFileType = image.png; path = "Icon-29.png"; sourceTree = "<group>"; };
		4C70561A1FBBBCBF0084485F /* Dictionaire.app */ = {isa = PBXFileReference; explicitFileType = wrapper.application; includeInIndex = 0; path = Dictionaire.app; sourceTree = BUILT_PRODUCTS_DIR; };
		4C70561D1FBBBCBF0084485F /* AppDelegate.swift */ = {isa = PBXFileReference; lastKnownFileType = sourcecode.swift; path = AppDelegate.swift; sourceTree = "<group>"; };
		4C70561F1FBBBCBF0084485F /* ViewController.swift */ = {isa = PBXFileReference; lastKnownFileType = sourcecode.swift; path = ViewController.swift; sourceTree = "<group>"; };
		4C7056221FBBBCBF0084485F /* Base */ = {isa = PBXFileReference; lastKnownFileType = file.storyboard; name = Base; path = Base.lproj/Main.storyboard; sourceTree = "<group>"; };
		4C7056251FBBBCBF0084485F /* Dictionaire.xcdatamodel */ = {isa = PBXFileReference; lastKnownFileType = wrapper.xcdatamodel; path = Dictionaire.xcdatamodel; sourceTree = "<group>"; };
		4C7056271FBBBCBF0084485F /* Assets.xcassets */ = {isa = PBXFileReference; lastKnownFileType = folder.assetcatalog; path = Assets.xcassets; sourceTree = "<group>"; };
		4C70562A1FBBBCBF0084485F /* Base */ = {isa = PBXFileReference; lastKnownFileType = file.storyboard; name = Base; path = Base.lproj/LaunchScreen.storyboard; sourceTree = "<group>"; };
		4C70562C1FBBBCBF0084485F /* Info.plist */ = {isa = PBXFileReference; lastKnownFileType = text.plist.xml; path = Info.plist; sourceTree = "<group>"; };
		4C7056321FBBBD350084485F /* TableController.swift */ = {isa = PBXFileReference; lastKnownFileType = sourcecode.swift; path = TableController.swift; sourceTree = "<group>"; };
		4C7056371FBBD1890084485F /* landscreen.png */ = {isa = PBXFileReference; lastKnownFileType = image.png; path = landscreen.png; sourceTree = "<group>"; };
		4C7056381FBBD1890084485F /* btnAjouter.png */ = {isa = PBXFileReference; lastKnownFileType = image.png; path = btnAjouter.png; sourceTree = "<group>"; };
		4C7056391FBBD1890084485F /* ajouterUnMot.png */ = {isa = PBXFileReference; lastKnownFileType = image.png; path = ajouterUnMot.png; sourceTree = "<group>"; };
		4C70563A1FBBD1890084485F /* traduction.png */ = {isa = PBXFileReference; lastKnownFileType = image.png; path = traduction.png; sourceTree = "<group>"; };
		4C70563B1FBBD1890084485F /* pag2.png */ = {isa = PBXFileReference; lastKnownFileType = image.png; path = pag2.png; sourceTree = "<group>"; };
		4C7056411FBBD3730084485F /* log.png */ = {isa = PBXFileReference; lastKnownFileType = image.png; path = log.png; sourceTree = "<group>"; };
		4CB59ED91FBE83CD00DF5200 /* titre.png */ = {isa = PBXFileReference; lastKnownFileType = image.png; path = titre.png; sourceTree = "<group>"; };
		4CB59EDA1FBE83CD00DF5200 /* pag.png */ = {isa = PBXFileReference; lastKnownFileType = image.png; path = pag.png; sourceTree = "<group>"; };
		4CB750991FBF33670025610E /* MotPossibles.png */ = {isa = PBXFileReference; lastKnownFileType = image.png; path = MotPossibles.png; sourceTree = "<group>"; };
/* End PBXFileReference section */

/* Begin PBXFrameworksBuildPhase section */
		4C7056171FBBBCBF0084485F /* Frameworks */ = {
			isa = PBXFrameworksBuildPhase;
			buildActionMask = 2147483647;
			files = (
			);
			runOnlyForDeploymentPostprocessing = 0;
		};
/* End PBXFrameworksBuildPhase section */

/* Begin PBXGroup section */
		4C0243471FBF20F700AB54AD /* icones */ = {
			isa = PBXGroup;
			children = (
				4C02434C1FBF210E00AB54AD /* Icon-16.png */,
				4C0243621FBF210F00AB54AD /* Icon-20.png */,
				4C0243651FBF210F00AB54AD /* Icon-29.png */,
				4C02434D1FBF210E00AB54AD /* Icon-32.png */,
				4C0243551FBF210E00AB54AD /* Icon-40.png */,
				4C0243531FBF210E00AB54AD /* Icon-48.png */,
				4C02435F1FBF210E00AB54AD /* Icon-50.png */,
				4C02435C1FBF210E00AB54AD /* Icon-55.png */,
				4C0243511FBF210E00AB54AD /* Icon-57.png */,
				4C02434F1FBF210E00AB54AD /* Icon-58.png */,
				4C02435D1FBF210E00AB54AD /* Icon-60.png */,
				4C0243641FBF210F00AB54AD /* Icon-64.png */,
				4C02434A1FBF210E00AB54AD /* Icon-72.png */,
				4C0243571FBF210E00AB54AD /* Icon-76.png */,
				4C0243611FBF210E00AB54AD /* Icon-80.png */,
				4C0243601FBF210E00AB54AD /* Icon-87.png */,
				4C0243491FBF210D00AB54AD /* Icon-88.png */,
				4C02434E1FBF210E00AB54AD /* Icon-100.png */,
				4C02435E1FBF210E00AB54AD /* Icon-114.png */,
				4C0243581FBF210E00AB54AD /* Icon-120.png */,
				4C0243501FBF210E00AB54AD /* Icon-128.png */,
				4C02435A1FBF210E00AB54AD /* Icon-144.png */,
				4C0243541FBF210E00AB54AD /* Icon-152.png */,
				4C0243631FBF210F00AB54AD /* Icon-167.png */,
				4C0243481FBF210D00AB54AD /* Icon-172.png */,
				4C0243591FBF210E00AB54AD /* Icon-180.png */,
				4C0243561FBF210E00AB54AD /* Icon-196.png */,
				4C02435B1FBF210E00AB54AD /* Icon-256.png */,
				4C02434B1FBF210E00AB54AD /* Icon-512.png */,
				4C0243521FBF210E00AB54AD /* Icon-1024.png */,
			);
			path = icones;
			sourceTree = "<group>";
		};
		4C7056111FBBBCBF0084485F = {
			isa = PBXGroup;
			children = (
				4C70561C1FBBBCBF0084485F /* Dictionaire */,
				4C70561B1FBBBCBF0084485F /* Products */,
			);
			sourceTree = "<group>";
		};
		4C70561B1FBBBCBF0084485F /* Products */ = {
			isa = PBXGroup;
			children = (
				4C70561A1FBBBCBF0084485F /* Dictionaire.app */,
			);
			name = Products;
			sourceTree = "<group>";
		};
		4C70561C1FBBBCBF0084485F /* Dictionaire */ = {
			isa = PBXGroup;
			children = (
				4C0243471FBF20F700AB54AD /* icones */,
				4C7056361FBBD15B0084485F /* imagens */,
				4C70561D1FBBBCBF0084485F /* AppDelegate.swift */,
				4C70561F1FBBBCBF0084485F /* ViewController.swift */,
				4C7056321FBBBD350084485F /* TableController.swift */,
				4C7056211FBBBCBF0084485F /* Main.storyboard */,
				4C7056271FBBBCBF0084485F /* Assets.xcassets */,
				4C7056291FBBBCBF0084485F /* LaunchScreen.storyboard */,
				4C70562C1FBBBCBF0084485F /* Info.plist */,
				4C7056241FBBBCBF0084485F /* Dictionaire.xcdatamodeld */,
			);
			path = Dictionaire;
			sourceTree = "<group>";
		};
		4C7056361FBBD15B0084485F /* imagens */ = {
			isa = PBXGroup;
			children = (
				4CB750991FBF33670025610E /* MotPossibles.png */,
				4CB59EDA1FBE83CD00DF5200 /* pag.png */,
				4CB59ED91FBE83CD00DF5200 /* titre.png */,
				4C7056411FBBD3730084485F /* log.png */,
				4C7056391FBBD1890084485F /* ajouterUnMot.png */,
				4C7056381FBBD1890084485F /* btnAjouter.png */,
				4C7056371FBBD1890084485F /* landscreen.png */,
				4C70563B1FBBD1890084485F /* pag2.png */,
				4C70563A1FBBD1890084485F /* traduction.png */,
			);
			path = imagens;
			sourceTree = "<group>";
		};
/* End PBXGroup section */

/* Begin PBXNativeTarget section */
		4C7056191FBBBCBF0084485F /* Dictionaire */ = {
			isa = PBXNativeTarget;
			buildConfigurationList = 4C70562F1FBBBCBF0084485F /* Build configuration list for PBXNativeTarget "Dictionaire" */;
			buildPhases = (
				4C7056161FBBBCBF0084485F /* Sources */,
				4C7056171FBBBCBF0084485F /* Frameworks */,
				4C7056181FBBBCBF0084485F /* Resources */,
			);
			buildRules = (
			);
			dependencies = (
			);
			name = Dictionaire;
			productName = Dictionaire;
			productReference = 4C70561A1FBBBCBF0084485F /* Dictionaire.app */;
			productType = "com.apple.product-type.application";
		};
/* End PBXNativeTarget section */

/* Begin PBXProject section */
		4C7056121FBBBCBF0084485F /* Project object */ = {
			isa = PBXProject;
			attributes = {
				LastSwiftUpdateCheck = 0910;
				LastUpgradeCheck = 0910;
				ORGANIZATIONNAME = "Elisangela dos Santos";
				TargetAttributes = {
					4C7056191FBBBCBF0084485F = {
						CreatedOnToolsVersion = 9.1;
						ProvisioningStyle = Automatic;
					};
				};
			};
			buildConfigurationList = 4C7056151FBBBCBF0084485F /* Build configuration list for PBXProject "Dictionaire" */;
			compatibilityVersion = "Xcode 8.0";
			developmentRegion = en;
			hasScannedForEncodings = 0;
			knownRegions = (
				en,
				Base,
			);
			mainGroup = 4C7056111FBBBCBF0084485F;
			productRefGroup = 4C70561B1FBBBCBF0084485F /* Products */;
			projectDirPath = "";
			projectRoot = "";
			targets = (
				4C7056191FBBBCBF0084485F /* Dictionaire */,
			);
		};
/* End PBXProject section */

/* Begin PBXResourcesBuildPhase section */
		4C7056181FBBBCBF0084485F /* Resources */ = {
			isa = PBXResourcesBuildPhase;
			buildActionMask = 2147483647;
			files = (
				4C0243761FBF210F00AB54AD /* Icon-120.png in Resources */,
				4C7056421FBBD3730084485F /* log.png in Resources */,
				4C0243791FBF210F00AB54AD /* Icon-256.png in Resources */,
				4C02437C1FBF210F00AB54AD /* Icon-114.png in Resources */,
				4C02436B1FBF210F00AB54AD /* Icon-32.png in Resources */,
				4C70563C1FBBD1890084485F /* landscreen.png in Resources */,
				4C0243821FBF210F00AB54AD /* Icon-64.png in Resources */,
				4C70563D1FBBD1890084485F /* btnAjouter.png in Resources */,
				4C0243671FBF210F00AB54AD /* Icon-88.png in Resources */,
				4C70562B1FBBBCBF0084485F /* LaunchScreen.storyboard in Resources */,
				4C0243681FBF210F00AB54AD /* Icon-72.png in Resources */,
				4C0243701FBF210F00AB54AD /* Icon-1024.png in Resources */,
				4CB59EDB1FBE83CD00DF5200 /* titre.png in Resources */,
				4C02436E1FBF210F00AB54AD /* Icon-128.png in Resources */,
				4C7056281FBBBCBF0084485F /* Assets.xcassets in Resources */,
				4CB59EDC1FBE83CD00DF5200 /* pag.png in Resources */,
				4C02436F1FBF210F00AB54AD /* Icon-57.png in Resources */,
				4CB7509A1FBF33670025610E /* MotPossibles.png in Resources */,
				4C0243811FBF210F00AB54AD /* Icon-167.png in Resources */,
				4C0243721FBF210F00AB54AD /* Icon-152.png in Resources */,
				4C0243711FBF210F00AB54AD /* Icon-48.png in Resources */,
				4C0243661FBF210F00AB54AD /* Icon-172.png in Resources */,
				4C0243771FBF210F00AB54AD /* Icon-180.png in Resources */,
				4C70563E1FBBD1890084485F /* ajouterUnMot.png in Resources */,
				4C0243831FBF210F00AB54AD /* Icon-29.png in Resources */,
				4C02437F1FBF210F00AB54AD /* Icon-80.png in Resources */,
				4C0243751FBF210F00AB54AD /* Icon-76.png in Resources */,
				4C02436A1FBF210F00AB54AD /* Icon-16.png in Resources */,
				4C7056401FBBD1890084485F /* pag2.png in Resources */,
				4C0243741FBF210F00AB54AD /* Icon-196.png in Resources */,
				4C70563F1FBBD1890084485F /* traduction.png in Resources */,
				4C0243691FBF210F00AB54AD /* Icon-512.png in Resources */,
				4C02437B1FBF210F00AB54AD /* Icon-60.png in Resources */,
				4C02436C1FBF210F00AB54AD /* Icon-100.png in Resources */,
				4C02436D1FBF210F00AB54AD /* Icon-58.png in Resources */,
				4C7056231FBBBCBF0084485F /* Main.storyboard in Resources */,
				4C0243781FBF210F00AB54AD /* Icon-144.png in Resources */,
				4C02437D1FBF210F00AB54AD /* Icon-50.png in Resources */,
				4C02437A1FBF210F00AB54AD /* Icon-55.png in Resources */,
				4C0243731FBF210F00AB54AD /* Icon-40.png in Resources */,
				4C0243801FBF210F00AB54AD /* Icon-20.png in Resources */,
				4C02437E1FBF210F00AB54AD /* Icon-87.png in Resources */,
			);
			runOnlyForDeploymentPostprocessing = 0;
		};
/* End PBXResourcesBuildPhase section */

/* Begin PBXSourcesBuildPhase section */
		4C7056161FBBBCBF0084485F /* Sources */ = {
			isa = PBXSourcesBuildPhase;
			buildActionMask = 2147483647;
			files = (
				4C7056331FBBBD350084485F /* TableController.swift in Sources */,
				4C7056201FBBBCBF0084485F /* ViewController.swift in Sources */,
				4C7056261FBBBCBF0084485F /* Dictionaire.xcdatamodeld in Sources */,
				4C70561E1FBBBCBF0084485F /* AppDelegate.swift in Sources */,
			);
			runOnlyForDeploymentPostprocessing = 0;
		};
/* End PBXSourcesBuildPhase section */

/* Begin PBXVariantGroup section */
		4C7056211FBBBCBF0084485F /* Main.storyboard */ = {
			isa = PBXVariantGroup;
			children = (
				4C7056221FBBBCBF0084485F /* Base */,
			);
			name = Main.storyboard;
			sourceTree = "<group>";
		};
		4C7056291FBBBCBF0084485F /* LaunchScreen.storyboard */ = {
			isa = PBXVariantGroup;
			children = (
				4C70562A1FBBBCBF0084485F /* Base */,
			);
			name = LaunchScreen.storyboard;
			sourceTree = "<group>";
		};
/* End PBXVariantGroup section */

/* Begin XCBuildConfiguration section */
		4C70562D1FBBBCBF0084485F /* Debug */ = {
			isa = XCBuildConfiguration;
			buildSettings = {
				ALWAYS_SEARCH_USER_PATHS = NO;
				CLANG_ANALYZER_NONNULL = YES;
				CLANG_ANALYZER_NUMBER_OBJECT_CONVERSION = YES_AGGRESSIVE;
				CLANG_CXX_LANGUAGE_STANDARD = "gnu++14";
				CLANG_CXX_LIBRARY = "libc++";
				CLANG_ENABLE_MODULES = YES;
				CLANG_ENABLE_OBJC_ARC = YES;
				CLANG_WARN_BLOCK_CAPTURE_AUTORELEASING = YES;
				CLANG_WARN_BOOL_CONVERSION = YES;
				CLANG_WARN_COMMA = YES;
				CLANG_WARN_CONSTANT_CONVERSION = YES;
				CLANG_WARN_DIRECT_OBJC_ISA_USAGE = YES_ERROR;
				CLANG_WARN_DOCUMENTATION_COMMENTS = YES;
				CLANG_WARN_EMPTY_BODY = YES;
				CLANG_WARN_ENUM_CONVERSION = YES;
				CLANG_WARN_INFINITE_RECURSION = YES;
				CLANG_WARN_INT_CONVERSION = YES;
				CLANG_WARN_NON_LITERAL_NULL_CONVERSION = YES;
				CLANG_WARN_OBJC_LITERAL_CONVERSION = YES;
				CLANG_WARN_OBJC_ROOT_CLASS = YES_ERROR;
				CLANG_WARN_RANGE_LOOP_ANALYSIS = YES;
				CLANG_WARN_STRICT_PROTOTYPES = YES;
				CLANG_WARN_SUSPICIOUS_MOVE = YES;
				CLANG_WARN_UNGUARDED_AVAILABILITY = YES_AGGRESSIVE;
				CLANG_WARN_UNREACHABLE_CODE = YES;
				CLANG_WARN__DUPLICATE_METHOD_MATCH = YES;
				CODE_SIGN_IDENTITY = "iPhone Developer";
				COPY_PHASE_STRIP = NO;
				DEBUG_INFORMATION_FORMAT = dwarf;
				ENABLE_STRICT_OBJC_MSGSEND = YES;
				ENABLE_TESTABILITY = YES;
				GCC_C_LANGUAGE_STANDARD = gnu11;
				GCC_DYNAMIC_NO_PIC = NO;
				GCC_NO_COMMON_BLOCKS = YES;
				GCC_OPTIMIZATION_LEVEL = 0;
				GCC_PREPROCESSOR_DEFINITIONS = (
					"DEBUG=1",
					"$(inherited)",
				);
				GCC_WARN_64_TO_32_BIT_CONVERSION = YES;
				GCC_WARN_ABOUT_RETURN_TYPE = YES_ERROR;
				GCC_WARN_UNDECLARED_SELECTOR = YES;
				GCC_WARN_UNINITIALIZED_AUTOS = YES_AGGRESSIVE;
				GCC_WARN_UNUSED_FUNCTION = YES;
				GCC_WARN_UNUSED_VARIABLE = YES;
				IPHONEOS_DEPLOYMENT_TARGET = 11.1;
				MTL_ENABLE_DEBUG_INFO = YES;
				ONLY_ACTIVE_ARCH = YES;
				SDKROOT = iphoneos;
				SWIFT_ACTIVE_COMPILATION_CONDITIONS = DEBUG;
				SWIFT_OPTIMIZATION_LEVEL = "-Onone";
			};
			name = Debug;
		};
		4C70562E1FBBBCBF0084485F /* Release */ = {
			isa = XCBuildConfiguration;
			buildSettings = {
				ALWAYS_SEARCH_USER_PATHS = NO;
				CLANG_ANALYZER_NONNULL = YES;
				CLANG_ANALYZER_NUMBER_OBJECT_CONVERSION = YES_AGGRESSIVE;
				CLANG_CXX_LANGUAGE_STANDARD = "gnu++14";
				CLANG_CXX_LIBRARY = "libc++";
				CLANG_ENABLE_MODULES = YES;
				CLANG_ENABLE_OBJC_ARC = YES;
				CLANG_WARN_BLOCK_CAPTURE_AUTORELEASING = YES;
				CLANG_WARN_BOOL_CONVERSION = YES;
				CLANG_WARN_COMMA = YES;
				CLANG_WARN_CONSTANT_CONVERSION = YES;
				CLANG_WARN_DIRECT_OBJC_ISA_USAGE = YES_ERROR;
				CLANG_WARN_DOCUMENTATION_COMMENTS = YES;
				CLANG_WARN_EMPTY_BODY = YES;
				CLANG_WARN_ENUM_CONVERSION = YES;
				CLANG_WARN_INFINITE_RECURSION = YES;
				CLANG_WARN_INT_CONVERSION = YES;
				CLANG_WARN_NON_LITERAL_NULL_CONVERSION = YES;
				CLANG_WARN_OBJC_LITERAL_CONVERSION = YES;
				CLANG_WARN_OBJC_ROOT_CLASS = YES_ERROR;
				CLANG_WARN_RANGE_LOOP_ANALYSIS = YES;
				CLANG_WARN_STRICT_PROTOTYPES = YES;
				CLANG_WARN_SUSPICIOUS_MOVE = YES;
				CLANG_WARN_UNGUARDED_AVAILABILITY = YES_AGGRESSIVE;
				CLANG_WARN_UNREACHABLE_CODE = YES;
				CLANG_WARN__DUPLICATE_METHOD_MATCH = YES;
				CODE_SIGN_IDENTITY = "iPhone Developer";
				COPY_PHASE_STRIP = NO;
				DEBUG_INFORMATION_FORMAT = "dwarf-with-dsym";
				ENABLE_NS_ASSERTIONS = NO;
				ENABLE_STRICT_OBJC_MSGSEND = YES;
				GCC_C_LANGUAGE_STANDARD = gnu11;
				GCC_NO_COMMON_BLOCKS = YES;
				GCC_WARN_64_TO_32_BIT_CONVERSION = YES;
				GCC_WARN_ABOUT_RETURN_TYPE = YES_ERROR;
				GCC_WARN_UNDECLARED_SELECTOR = YES;
				GCC_WARN_UNINITIALIZED_AUTOS = YES_AGGRESSIVE;
				GCC_WARN_UNUSED_FUNCTION = YES;
				GCC_WARN_UNUSED_VARIABLE = YES;
				IPHONEOS_DEPLOYMENT_TARGET = 11.1;
				MTL_ENABLE_DEBUG_INFO = NO;
				SDKROOT = iphoneos;
				SWIFT_OPTIMIZATION_LEVEL = "-Owholemodule";
				VALIDATE_PRODUCT = YES;
			};
			name = Release;
		};
		4C7056301FBBBCBF0084485F /* Debug */ = {
			isa = XCBuildConfiguration;
			buildSettings = {
				ASSETCATALOG_COMPILER_APPICON_NAME = AppIcon;
				CODE_SIGN_STYLE = Automatic;
				DEVELOPMENT_TEAM = 7HR8T9M2QG;
				INFOPLIST_FILE = Dictionaire/Info.plist;
				LD_RUNPATH_SEARCH_PATHS = "$(inherited) @executable_path/Frameworks";
				PRODUCT_BUNDLE_IDENTIFIER = com.elis.Dictionaire;
				PRODUCT_NAME = "$(TARGET_NAME)";
				SWIFT_VERSION = 4.0;
				TARGETED_DEVICE_FAMILY = "1,2";
			};
			name = Debug;
		};
		4C7056311FBBBCBF0084485F /* Release */ = {
			isa = XCBuildConfiguration;
			buildSettings = {
				ASSETCATALOG_COMPILER_APPICON_NAME = AppIcon;
				CODE_SIGN_STYLE = Automatic;
				DEVELOPMENT_TEAM = 7HR8T9M2QG;
				INFOPLIST_FILE = Dictionaire/Info.plist;
				LD_RUNPATH_SEARCH_PATHS = "$(inherited) @executable_path/Frameworks";
				PRODUCT_BUNDLE_IDENTIFIER = com.elis.Dictionaire;
				PRODUCT_NAME = "$(TARGET_NAME)";
				SWIFT_VERSION = 4.0;
				TARGETED_DEVICE_FAMILY = "1,2";
			};
			name = Release;
		};
/* End XCBuildConfiguration section */

/* Begin XCConfigurationList section */
		4C7056151FBBBCBF0084485F /* Build configuration list for PBXProject "Dictionaire" */ = {
			isa = XCConfigurationList;
			buildConfigurations = (
				4C70562D1FBBBCBF0084485F /* Debug */,
				4C70562E1FBBBCBF0084485F /* Release */,
			);
			defaultConfigurationIsVisible = 0;
			defaultConfigurationName = Release;
		};
		4C70562F1FBBBCBF0084485F /* Build configuration list for PBXNativeTarget "Dictionaire" */ = {
			isa = XCConfigurationList;
			buildConfigurations = (
				4C7056301FBBBCBF0084485F /* Debug */,
				4C7056311FBBBCBF0084485F /* Release */,
			);
			defaultConfigurationIsVisible = 0;
			defaultConfigurationName = Release;
		};
/* End XCConfigurationList section */

/* Begin XCVersionGroup section */
		4C7056241FBBBCBF0084485F /* Dictionaire.xcdatamodeld */ = {
			isa = XCVersionGroup;
			children = (
				4C7056251FBBBCBF0084485F /* Dictionaire.xcdatamodel */,
			);
			currentVersion = 4C7056251FBBBCBF0084485F /* Dictionaire.xcdatamodel */;
			path = Dictionaire.xcdatamodeld;
			sourceTree = "<group>";
			versionGroupType = wrapper.xcdatamodel;
		};
/* End XCVersionGroup section */
	};
	rootObject = 4C7056121FBBBCBF0084485F /* Project object */;
}
